// !$*UTF8*$!
{
	archiveVersion = 1;
	classes = {
	};
	objectVersion = 46;
	objects = {

/* Begin PBXBuildFile section */
		1C009BC81A5ACCED00ADC420 /* AppDelegate.swift in Sources */ = {isa = PBXBuildFile; fileRef = 1C009BC71A5ACCED00ADC420 /* AppDelegate.swift */; };
		1C009BCA1A5ACCED00ADC420 /* ViewController.swift in Sources */ = {isa = PBXBuildFile; fileRef = 1C009BC91A5ACCED00ADC420 /* ViewController.swift */; };
		1C009BCD1A5ACCED00ADC420 /* Main.storyboard in Resources */ = {isa = PBXBuildFile; fileRef = 1C009BCB1A5ACCED00ADC420 /* Main.storyboard */; };
		1C009BCF1A5ACCED00ADC420 /* Images.xcassets in Resources */ = {isa = PBXBuildFile; fileRef = 1C009BCE1A5ACCED00ADC420 /* Images.xcassets */; };
		1C009BD21A5ACCED00ADC420 /* LaunchScreen.xib in Resources */ = {isa = PBXBuildFile; fileRef = 1C009BD01A5ACCED00ADC420 /* LaunchScreen.xib */; };
		1C009BDE1A5ACCED00ADC420 /* nhkfindTests.swift in Sources */ = {isa = PBXBuildFile; fileRef = 1C009BDD1A5ACCED00ADC420 /* nhkfindTests.swift */; };
		1C009BEE1A5D800500ADC420 /* ProgramListViewController.swift in Sources */ = {isa = PBXBuildFile; fileRef = 1C009BED1A5D800500ADC420 /* ProgramListViewController.swift */; };
		1C009BF01A5D878000ADC420 /* GenreViewController.swift in Sources */ = {isa = PBXBuildFile; fileRef = 1C009BEF1A5D878000ADC420 /* GenreViewController.swift */; };
		1C009BF21A5D8C5100ADC420 /* ProgramInfoViewController.swift in Sources */ = {isa = PBXBuildFile; fileRef = 1C009BF11A5D8C5100ADC420 /* ProgramInfoViewController.swift */; };
		1C009BF41A5D8C6400ADC420 /* NowOnAirViewController.swift in Sources */ = {isa = PBXBuildFile; fileRef = 1C009BF31A5D8C6400ADC420 /* NowOnAirViewController.swift */; };
		1C009BF61A5D91EB00ADC420 /* NhkApi.swift in Sources */ = {isa = PBXBuildFile; fileRef = 1C009BF51A5D91EB00ADC420 /* NhkApi.swift */; };
		1C009BF81A60164400ADC420 /* NhkApiKey.txt in Resources */ = {isa = PBXBuildFile; fileRef = 1C009BF71A60164400ADC420 /* NhkApiKey.txt */; };
		1C6A075E1A9F62D30013FBC2 /* Alamofire.framework in Frameworks */ = {isa = PBXBuildFile; fileRef = 1C009BFF1A60ABAB00ADC420 /* Alamofire.framework */; };
		1C6A07681A9F63570013FBC2 /* ImageIO.framework in Frameworks */ = {isa = PBXBuildFile; fileRef = 1CF748411A6AB68E009AA404 /* ImageIO.framework */; };
		1C6A076B1A9F63990013FBC2 /* Alamofire.framework in Frameworks */ = {isa = PBXBuildFile; fileRef = 1C009BFF1A60ABAB00ADC420 /* Alamofire.framework */; };
		1C6A076C1A9F63990013FBC2 /* Alamofire.framework in Embed Frameworks */ = {isa = PBXBuildFile; fileRef = 1C009BFF1A60ABAB00ADC420 /* Alamofire.framework */; settings = {ATTRIBUTES = (CodeSignOnCopy, RemoveHeadersOnCopy, ); }; };
		1C719D521A8F75C500704DC4 /* nowloading.png in Resources */ = {isa = PBXBuildFile; fileRef = 1C719D511A8F75C500704DC4 /* nowloading.png */; };
		1C719D541A8F764800704DC4 /* Util.swift in Sources */ = {isa = PBXBuildFile; fileRef = 1C719D531A8F764800704DC4 /* Util.swift */; };
		1C874FE51A635D0F00AA0B3E /* Info.plist in Resources */ = {isa = PBXBuildFile; fileRef = 1C009BC61A5ACCED00ADC420 /* Info.plist */; };
		1C874FE61A635D8700AA0B3E /* InfoPlist.strings in Resources */ = {isa = PBXBuildFile; fileRef = 1C874FE81A635D8700AA0B3E /* InfoPlist.strings */; };
		1C874FEA1A635F6F00AA0B3E /* AreaTableViewController.swift in Sources */ = {isa = PBXBuildFile; fileRef = 1C874FE91A635F6F00AA0B3E /* AreaTableViewController.swift */; };
		1C874FEC1A63A7EB00AA0B3E /* GenreTableViewController.swift in Sources */ = {isa = PBXBuildFile; fileRef = 1C874FEB1A63A7EB00AA0B3E /* GenreTableViewController.swift */; };
		1C874FEE1A63B17000AA0B3E /* ServiceTableViewController.swift in Sources */ = {isa = PBXBuildFile; fileRef = 1C874FED1A63B17000AA0B3E /* ServiceTableViewController.swift */; };
		1C874FF01A641D6300AA0B3E /* SearchResultViewController.swift in Sources */ = {isa = PBXBuildFile; fileRef = 1C874FEF1A641D6300AA0B3E /* SearchResultViewController.swift */; };
		49AA069A6DDA02747C2522AD /* libPods-nhkfind.a in Frameworks */ = {isa = PBXBuildFile; fileRef = D175C5F395D370B0BAF2B17A /* libPods-nhkfind.a */; };
/* End PBXBuildFile section */

/* Begin PBXContainerItemProxy section */
		1C009BD81A5ACCED00ADC420 /* PBXContainerItemProxy */ = {
			isa = PBXContainerItemProxy;
			containerPortal = 1C009BBA1A5ACCED00ADC420 /* Project object */;
			proxyType = 1;
			remoteGlobalIDString = 1C009BC11A5ACCED00ADC420;
			remoteInfo = nhkfind;
		};
		1C009BFE1A60ABAB00ADC420 /* PBXContainerItemProxy */ = {
			isa = PBXContainerItemProxy;
			containerPortal = 1C009BF91A60ABAB00ADC420 /* Alamofire.xcodeproj */;
			proxyType = 2;
			remoteGlobalIDString = F8111E3319A95C8B0040E7D1;
			remoteInfo = Alamofire;
		};
		1C009C001A60ABAB00ADC420 /* PBXContainerItemProxy */ = {
			isa = PBXContainerItemProxy;
			containerPortal = 1C009BF91A60ABAB00ADC420 /* Alamofire.xcodeproj */;
			proxyType = 2;
			remoteGlobalIDString = F8111E3E19A95C8B0040E7D1;
			remoteInfo = AlamofireTests;
		};
		1C6A07651A9F633F0013FBC2 /* PBXContainerItemProxy */ = {
			isa = PBXContainerItemProxy;
			containerPortal = 1C009BF91A60ABAB00ADC420 /* Alamofire.xcodeproj */;
			proxyType = 1;
			remoteGlobalIDString = F8111E3219A95C8B0040E7D1;
			remoteInfo = Alamofire;
		};
		1C6A076D1A9F63990013FBC2 /* PBXContainerItemProxy */ = {
			isa = PBXContainerItemProxy;
			containerPortal = 1C009BF91A60ABAB00ADC420 /* Alamofire.xcodeproj */;
			proxyType = 1;
			remoteGlobalIDString = F8111E3219A95C8B0040E7D1;
			remoteInfo = Alamofire;
		};
/* End PBXContainerItemProxy section */

/* Begin PBXCopyFilesBuildPhase section */
		1C6A076F1A9F63990013FBC2 /* Embed Frameworks */ = {
			isa = PBXCopyFilesBuildPhase;
			buildActionMask = 2147483647;
			dstPath = "";
			dstSubfolderSpec = 10;
			files = (
				1C6A076C1A9F63990013FBC2 /* Alamofire.framework in Embed Frameworks */,
			);
			name = "Embed Frameworks";
			runOnlyForDeploymentPostprocessing = 0;
		};
/* End PBXCopyFilesBuildPhase section */

/* Begin PBXFileReference section */
		1C009BC21A5ACCED00ADC420 /* nhkfind.app */ = {isa = PBXFileReference; explicitFileType = wrapper.application; includeInIndex = 0; path = nhkfind.app; sourceTree = BUILT_PRODUCTS_DIR; };
		1C009BC61A5ACCED00ADC420 /* Info.plist */ = {isa = PBXFileReference; lastKnownFileType = text.plist.xml; path = Info.plist; sourceTree = "<group>"; };
		1C009BC71A5ACCED00ADC420 /* AppDelegate.swift */ = {isa = PBXFileReference; lastKnownFileType = sourcecode.swift; path = AppDelegate.swift; sourceTree = "<group>"; };
		1C009BC91A5ACCED00ADC420 /* ViewController.swift */ = {isa = PBXFileReference; lastKnownFileType = sourcecode.swift; path = ViewController.swift; sourceTree = "<group>"; };
		1C009BCC1A5ACCED00ADC420 /* Base */ = {isa = PBXFileReference; lastKnownFileType = file.storyboard; name = Base; path = Base.lproj/Main.storyboard; sourceTree = "<group>"; };
		1C009BCE1A5ACCED00ADC420 /* Images.xcassets */ = {isa = PBXFileReference; lastKnownFileType = folder.assetcatalog; path = Images.xcassets; sourceTree = "<group>"; };
		1C009BD11A5ACCED00ADC420 /* Base */ = {isa = PBXFileReference; lastKnownFileType = file.xib; name = Base; path = Base.lproj/LaunchScreen.xib; sourceTree = "<group>"; };
		1C009BD71A5ACCED00ADC420 /* nhkfindTests.xctest */ = {isa = PBXFileReference; explicitFileType = wrapper.cfbundle; includeInIndex = 0; path = nhkfindTests.xctest; sourceTree = BUILT_PRODUCTS_DIR; };
		1C009BDC1A5ACCED00ADC420 /* Info.plist */ = {isa = PBXFileReference; lastKnownFileType = text.plist.xml; path = Info.plist; sourceTree = "<group>"; };
		1C009BDD1A5ACCED00ADC420 /* nhkfindTests.swift */ = {isa = PBXFileReference; lastKnownFileType = sourcecode.swift; path = nhkfindTests.swift; sourceTree = "<group>"; };
		1C009BED1A5D800500ADC420 /* ProgramListViewController.swift */ = {isa = PBXFileReference; fileEncoding = 4; lastKnownFileType = sourcecode.swift; path = ProgramListViewController.swift; sourceTree = "<group>"; };
		1C009BEF1A5D878000ADC420 /* GenreViewController.swift */ = {isa = PBXFileReference; fileEncoding = 4; lastKnownFileType = sourcecode.swift; path = GenreViewController.swift; sourceTree = "<group>"; };
		1C009BF11A5D8C5100ADC420 /* ProgramInfoViewController.swift */ = {isa = PBXFileReference; fileEncoding = 4; lastKnownFileType = sourcecode.swift; path = ProgramInfoViewController.swift; sourceTree = "<group>"; };
		1C009BF31A5D8C6400ADC420 /* NowOnAirViewController.swift */ = {isa = PBXFileReference; fileEncoding = 4; lastKnownFileType = sourcecode.swift; path = NowOnAirViewController.swift; sourceTree = "<group>"; };
		1C009BF51A5D91EB00ADC420 /* NhkApi.swift */ = {isa = PBXFileReference; fileEncoding = 4; lastKnownFileType = sourcecode.swift; path = NhkApi.swift; sourceTree = "<group>"; };
		1C009BF71A60164400ADC420 /* NhkApiKey.txt */ = {isa = PBXFileReference; fileEncoding = 4; lastKnownFileType = text; path = NhkApiKey.txt; sourceTree = "<group>"; };
		1C009BF91A60ABAB00ADC420 /* Alamofire.xcodeproj */ = {isa = PBXFileReference; lastKnownFileType = "wrapper.pb-project"; name = Alamofire.xcodeproj; path = Alamofire/Alamofire.xcodeproj; sourceTree = "<group>"; };
		1C6A075F1A9F62D90013FBC2 /* libPods-nhkfind-SDWebImage.a */ = {isa = PBXFileReference; lastKnownFileType = archive.ar; name = "libPods-nhkfind-SDWebImage.a"; path = "Pods/build/Debug-iphoneos/libPods-nhkfind-SDWebImage.a"; sourceTree = "<group>"; };
		1C6A07601A9F62D90013FBC2 /* libPods-nhkfind-UIActivityIndicator-for-SDWebImage.a */ = {isa = PBXFileReference; lastKnownFileType = archive.ar; name = "libPods-nhkfind-UIActivityIndicator-for-SDWebImage.a"; path = "Pods/build/Debug-iphoneos/libPods-nhkfind-UIActivityIndicator-for-SDWebImage.a"; sourceTree = "<group>"; };
		1C719D511A8F75C500704DC4 /* nowloading.png */ = {isa = PBXFileReference; lastKnownFileType = image.png; name = nowloading.png; path = images/nowloading.png; sourceTree = "<group>"; };
		1C719D531A8F764800704DC4 /* Util.swift */ = {isa = PBXFileReference; fileEncoding = 4; lastKnownFileType = sourcecode.swift; path = Util.swift; sourceTree = "<group>"; };
		1C874FE11A635A6500AA0B3E /* ja */ = {isa = PBXFileReference; lastKnownFileType = text.plist.strings; name = ja; path = ja.lproj/Main.strings; sourceTree = "<group>"; };
		1C874FE21A635A6500AA0B3E /* ja */ = {isa = PBXFileReference; lastKnownFileType = text.plist.strings; name = ja; path = ja.lproj/LaunchScreen.strings; sourceTree = "<group>"; };
		1C874FE71A635D8700AA0B3E /* Base */ = {isa = PBXFileReference; lastKnownFileType = text.plist.strings; name = Base; path = Base.lproj/InfoPlist.strings; sourceTree = "<group>"; };
		1C874FE91A635F6F00AA0B3E /* AreaTableViewController.swift */ = {isa = PBXFileReference; fileEncoding = 4; lastKnownFileType = sourcecode.swift; path = AreaTableViewController.swift; sourceTree = "<group>"; };
		1C874FEB1A63A7EB00AA0B3E /* GenreTableViewController.swift */ = {isa = PBXFileReference; fileEncoding = 4; lastKnownFileType = sourcecode.swift; path = GenreTableViewController.swift; sourceTree = "<group>"; };
		1C874FED1A63B17000AA0B3E /* ServiceTableViewController.swift */ = {isa = PBXFileReference; fileEncoding = 4; lastKnownFileType = sourcecode.swift; path = ServiceTableViewController.swift; sourceTree = "<group>"; };
		1C874FEF1A641D6300AA0B3E /* SearchResultViewController.swift */ = {isa = PBXFileReference; fileEncoding = 4; lastKnownFileType = sourcecode.swift; path = SearchResultViewController.swift; sourceTree = "<group>"; };
		1CA1EAE92A68525468D07736 /* Pods-nhkfind.release.xcconfig */ = {isa = PBXFileReference; includeInIndex = 1; lastKnownFileType = text.xcconfig; name = "Pods-nhkfind.release.xcconfig"; path = "Pods/Target Support Files/Pods-nhkfind/Pods-nhkfind.release.xcconfig"; sourceTree = "<group>"; };
		1CF7483F1A6AB3F4009AA404 /* Bridge-Header.h */ = {isa = PBXFileReference; lastKnownFileType = sourcecode.c.h; path = "Bridge-Header.h"; sourceTree = "<group>"; };
		1CF748411A6AB68E009AA404 /* ImageIO.framework */ = {isa = PBXFileReference; lastKnownFileType = wrapper.framework; name = ImageIO.framework; path = System/Library/Frameworks/ImageIO.framework; sourceTree = SDKROOT; };
		45366D82AEC08C75101D7370 /* Pods-nhkfind.debug.xcconfig */ = {isa = PBXFileReference; includeInIndex = 1; lastKnownFileType = text.xcconfig; name = "Pods-nhkfind.debug.xcconfig"; path = "Pods/Target Support Files/Pods-nhkfind/Pods-nhkfind.debug.xcconfig"; sourceTree = "<group>"; };
		D175C5F395D370B0BAF2B17A /* libPods-nhkfind.a */ = {isa = PBXFileReference; explicitFileType = archive.ar; includeInIndex = 0; path = "libPods-nhkfind.a"; sourceTree = BUILT_PRODUCTS_DIR; };
/* End PBXFileReference section */

/* Begin PBXFrameworksBuildPhase section */
		1C009BBF1A5ACCED00ADC420 /* Frameworks */ = {
			isa = PBXFrameworksBuildPhase;
			buildActionMask = 2147483647;
			files = (
				1C6A07681A9F63570013FBC2 /* ImageIO.framework in Frameworks */,
				1C6A075E1A9F62D30013FBC2 /* Alamofire.framework in Frameworks */,
				49AA069A6DDA02747C2522AD /* libPods-nhkfind.a in Frameworks */,
				1C6A076B1A9F63990013FBC2 /* Alamofire.framework in Frameworks */,
			);
			runOnlyForDeploymentPostprocessing = 0;
		};
		1C009BD41A5ACCED00ADC420 /* Frameworks */ = {
			isa = PBXFrameworksBuildPhase;
			buildActionMask = 2147483647;
			files = (
			);
			runOnlyForDeploymentPostprocessing = 0;
		};
/* End PBXFrameworksBuildPhase section */

/* Begin PBXGroup section */
		1C009BB91A5ACCED00ADC420 = {
			isa = PBXGroup;
			children = (
				1C719D4F1A8F75AF00704DC4 /* images */,
				1C009BF91A60ABAB00ADC420 /* Alamofire.xcodeproj */,
				1C009BF71A60164400ADC420 /* NhkApiKey.txt */,
				1C009BC41A5ACCED00ADC420 /* nhkfind */,
				1C009BDA1A5ACCED00ADC420 /* nhkfindTests */,
				1C009BC31A5ACCED00ADC420 /* Products */,
				F6697201A94B4C563773043F /* Frameworks */,
				72689519D5243A2B21B5E645 /* Pods */,
			);
			sourceTree = "<group>";
		};
		1C009BC31A5ACCED00ADC420 /* Products */ = {
			isa = PBXGroup;
			children = (
				1C009BC21A5ACCED00ADC420 /* nhkfind.app */,
				1C009BD71A5ACCED00ADC420 /* nhkfindTests.xctest */,
			);
			name = Products;
			sourceTree = "<group>";
		};
		1C009BC41A5ACCED00ADC420 /* nhkfind */ = {
			isa = PBXGroup;
			children = (
				1C009BF51A5D91EB00ADC420 /* NhkApi.swift */,
				1C009BC71A5ACCED00ADC420 /* AppDelegate.swift */,
				1C009BC91A5ACCED00ADC420 /* ViewController.swift */,
				1C009BCB1A5ACCED00ADC420 /* Main.storyboard */,
				1C009BCE1A5ACCED00ADC420 /* Images.xcassets */,
				1C009BD01A5ACCED00ADC420 /* LaunchScreen.xib */,
				1C009BC51A5ACCED00ADC420 /* Supporting Files */,
				1C009BED1A5D800500ADC420 /* ProgramListViewController.swift */,
				1C009BEF1A5D878000ADC420 /* GenreViewController.swift */,
				1C009BF11A5D8C5100ADC420 /* ProgramInfoViewController.swift */,
				1C009BF31A5D8C6400ADC420 /* NowOnAirViewController.swift */,
				1C874FE91A635F6F00AA0B3E /* AreaTableViewController.swift */,
				1C874FEB1A63A7EB00AA0B3E /* GenreTableViewController.swift */,
				1C874FED1A63B17000AA0B3E /* ServiceTableViewController.swift */,
				1C874FEF1A641D6300AA0B3E /* SearchResultViewController.swift */,
				1CF7483F1A6AB3F4009AA404 /* Bridge-Header.h */,
				1C719D531A8F764800704DC4 /* Util.swift */,
			);
			path = nhkfind;
			sourceTree = "<group>";
		};
		1C009BC51A5ACCED00ADC420 /* Supporting Files */ = {
			isa = PBXGroup;
			children = (
				1C009BC61A5ACCED00ADC420 /* Info.plist */,
				1C874FE81A635D8700AA0B3E /* InfoPlist.strings */,
			);
			name = "Supporting Files";
			sourceTree = "<group>";
		};
		1C009BDA1A5ACCED00ADC420 /* nhkfindTests */ = {
			isa = PBXGroup;
			children = (
				1C009BDD1A5ACCED00ADC420 /* nhkfindTests.swift */,
				1C009BDB1A5ACCED00ADC420 /* Supporting Files */,
			);
			path = nhkfindTests;
			sourceTree = "<group>";
		};
		1C009BDB1A5ACCED00ADC420 /* Supporting Files */ = {
			isa = PBXGroup;
			children = (
				1C009BDC1A5ACCED00ADC420 /* Info.plist */,
			);
			name = "Supporting Files";
			sourceTree = "<group>";
		};
		1C009BFA1A60ABAB00ADC420 /* Products */ = {
			isa = PBXGroup;
			children = (
				1C009BFF1A60ABAB00ADC420 /* Alamofire.framework */,
				1C009C011A60ABAB00ADC420 /* AlamofireTests.xctest */,
			);
			name = Products;
			sourceTree = "<group>";
		};
		1C719D4F1A8F75AF00704DC4 /* images */ = {
			isa = PBXGroup;
			children = (
				1C719D511A8F75C500704DC4 /* nowloading.png */,
			);
			name = images;
			sourceTree = "<group>";
		};
		72689519D5243A2B21B5E645 /* Pods */ = {
			isa = PBXGroup;
			children = (
				45366D82AEC08C75101D7370 /* Pods-nhkfind.debug.xcconfig */,
				1CA1EAE92A68525468D07736 /* Pods-nhkfind.release.xcconfig */,
			);
			name = Pods;
			sourceTree = "<group>";
		};
		F6697201A94B4C563773043F /* Frameworks */ = {
			isa = PBXGroup;
			children = (
				1C6A075F1A9F62D90013FBC2 /* libPods-nhkfind-SDWebImage.a */,
				1C6A07601A9F62D90013FBC2 /* libPods-nhkfind-UIActivityIndicator-for-SDWebImage.a */,
				1CF748411A6AB68E009AA404 /* ImageIO.framework */,
				D175C5F395D370B0BAF2B17A /* libPods-nhkfind.a */,
			);
			name = Frameworks;
			sourceTree = "<group>";
		};
/* End PBXGroup section */

/* Begin PBXNativeTarget section */
		1C009BC11A5ACCED00ADC420 /* nhkfind */ = {
			isa = PBXNativeTarget;
			buildConfigurationList = 1C009BE11A5ACCED00ADC420 /* Build configuration list for PBXNativeTarget "nhkfind" */;
			buildPhases = (
				42864595293EBB6302374E45 /* Check Pods Manifest.lock */,
				1C009BBE1A5ACCED00ADC420 /* Sources */,
				1C009BBF1A5ACCED00ADC420 /* Frameworks */,
				1C009BC01A5ACCED00ADC420 /* Resources */,
				F4A7618A5A20B44217910BC4 /* Copy Pods Resources */,
				1C6A076F1A9F63990013FBC2 /* Embed Frameworks */,
			);
			buildRules = (
			);
			dependencies = (
				1C6A07661A9F633F0013FBC2 /* PBXTargetDependency */,
				1C6A076E1A9F63990013FBC2 /* PBXTargetDependency */,
			);
			name = nhkfind;
			productName = nhkfind;
			productReference = 1C009BC21A5ACCED00ADC420 /* nhkfind.app */;
			productType = "com.apple.product-type.application";
		};
		1C009BD61A5ACCED00ADC420 /* nhkfindTests */ = {
			isa = PBXNativeTarget;
			buildConfigurationList = 1C009BE41A5ACCED00ADC420 /* Build configuration list for PBXNativeTarget "nhkfindTests" */;
			buildPhases = (
				1C009BD31A5ACCED00ADC420 /* Sources */,
				1C009BD41A5ACCED00ADC420 /* Frameworks */,
				1C009BD51A5ACCED00ADC420 /* Resources */,
			);
			buildRules = (
			);
			dependencies = (
				1C009BD91A5ACCED00ADC420 /* PBXTargetDependency */,
			);
			name = nhkfindTests;
			productName = nhkfindTests;
			productReference = 1C009BD71A5ACCED00ADC420 /* nhkfindTests.xctest */;
			productType = "com.apple.product-type.bundle.unit-test";
		};
/* End PBXNativeTarget section */

/* Begin PBXProject section */
		1C009BBA1A5ACCED00ADC420 /* Project object */ = {
			isa = PBXProject;
			attributes = {
				LastUpgradeCheck = 0610;
				ORGANIZATIONNAME = atsushi.kambayashi;
				TargetAttributes = {
					1C009BC11A5ACCED00ADC420 = {
						CreatedOnToolsVersion = 6.1.1;
						DevelopmentTeam = 4ZM865CW3U;
					};
					1C009BD61A5ACCED00ADC420 = {
						CreatedOnToolsVersion = 6.1.1;
						TestTargetID = 1C009BC11A5ACCED00ADC420;
					};
				};
			};
			buildConfigurationList = 1C009BBD1A5ACCED00ADC420 /* Build configuration list for PBXProject "nhkfind" */;
			compatibilityVersion = "Xcode 3.2";
			developmentRegion = English;
			hasScannedForEncodings = 0;
			knownRegions = (
				en,
				Base,
			);
			mainGroup = 1C009BB91A5ACCED00ADC420;
			productRefGroup = 1C009BC31A5ACCED00ADC420 /* Products */;
			projectDirPath = "";
			projectReferences = (
				{
					ProductGroup = 1C009BFA1A60ABAB00ADC420 /* Products */;
					ProjectRef = 1C009BF91A60ABAB00ADC420 /* Alamofire.xcodeproj */;
				},
			);
			projectRoot = "";
			targets = (
				1C009BC11A5ACCED00ADC420 /* nhkfind */,
				1C009BD61A5ACCED00ADC420 /* nhkfindTests */,
			);
		};
/* End PBXProject section */

/* Begin PBXReferenceProxy section */
		1C009BFF1A60ABAB00ADC420 /* Alamofire.framework */ = {
			isa = PBXReferenceProxy;
			fileType = wrapper.framework;
			path = Alamofire.framework;
			remoteRef = 1C009BFE1A60ABAB00ADC420 /* PBXContainerItemProxy */;
			sourceTree = BUILT_PRODUCTS_DIR;
		};
		1C009C011A60ABAB00ADC420 /* AlamofireTests.xctest */ = {
			isa = PBXReferenceProxy;
			fileType = wrapper.cfbundle;
			path = AlamofireTests.xctest;
			remoteRef = 1C009C001A60ABAB00ADC420 /* PBXContainerItemProxy */;
			sourceTree = BUILT_PRODUCTS_DIR;
		};
/* End PBXReferenceProxy section */

/* Begin PBXResourcesBuildPhase section */
		1C009BC01A5ACCED00ADC420 /* Resources */ = {
			isa = PBXResourcesBuildPhase;
			buildActionMask = 2147483647;
			files = (
				1C009BCD1A5ACCED00ADC420 /* Main.storyboard in Resources */,
				1C009BD21A5ACCED00ADC420 /* LaunchScreen.xib in Resources */,
				1C874FE51A635D0F00AA0B3E /* Info.plist in Resources */,
				1C009BCF1A5ACCED00ADC420 /* Images.xcassets in Resources */,
				1C009BF81A60164400ADC420 /* NhkApiKey.txt in Resources */,
				1C874FE61A635D8700AA0B3E /* InfoPlist.strings in Resources */,
				1C719D521A8F75C500704DC4 /* nowloading.png in Resources */,
			);
			runOnlyForDeploymentPostprocessing = 0;
		};
		1C009BD51A5ACCED00ADC420 /* Resources */ = {
			isa = PBXResourcesBuildPhase;
			buildActionMask = 2147483647;
			files = (
			);
			runOnlyForDeploymentPostprocessing = 0;
		};
/* End PBXResourcesBuildPhase section */

/* Begin PBXShellScriptBuildPhase section */
		42864595293EBB6302374E45 /* Check Pods Manifest.lock */ = {
			isa = PBXShellScriptBuildPhase;
			buildActionMask = 2147483647;
			files = (
			);
			inputPaths = (
			);
			name = "Check Pods Manifest.lock";
			outputPaths = (
			);
			runOnlyForDeploymentPostprocessing = 0;
			shellPath = /bin/sh;
			shellScript = "diff \"${PODS_ROOT}/../Podfile.lock\" \"${PODS_ROOT}/Manifest.lock\" > /dev/null\nif [[ $? != 0 ]] ; then\n    cat << EOM\nerror: The sandbox is not in sync with the Podfile.lock. Run 'pod install' or update your CocoaPods installation.\nEOM\n    exit 1\nfi\n";
			showEnvVarsInLog = 0;
		};
		F4A7618A5A20B44217910BC4 /* Copy Pods Resources */ = {
			isa = PBXShellScriptBuildPhase;
			buildActionMask = 2147483647;
			files = (
			);
			inputPaths = (
			);
			name = "Copy Pods Resources";
			outputPaths = (
			);
			runOnlyForDeploymentPostprocessing = 0;
			shellPath = /bin/sh;
			shellScript = "\"${SRCROOT}/Pods/Target Support Files/Pods-nhkfind/Pods-nhkfind-resources.sh\"\n";
			showEnvVarsInLog = 0;
		};
/* End PBXShellScriptBuildPhase section */

/* Begin PBXSourcesBuildPhase section */
		1C009BBE1A5ACCED00ADC420 /* Sources */ = {
			isa = PBXSourcesBuildPhase;
			buildActionMask = 2147483647;
			files = (
				1C874FEE1A63B17000AA0B3E /* ServiceTableViewController.swift in Sources */,
				1C874FEA1A635F6F00AA0B3E /* AreaTableViewController.swift in Sources */,
				1C009BF01A5D878000ADC420 /* GenreViewController.swift in Sources */,
				1C009BF61A5D91EB00ADC420 /* NhkApi.swift in Sources */,
				1C009BF41A5D8C6400ADC420 /* NowOnAirViewController.swift in Sources */,
				1C009BEE1A5D800500ADC420 /* ProgramListViewController.swift in Sources */,
				1C009BCA1A5ACCED00ADC420 /* ViewController.swift in Sources */,
				1C719D541A8F764800704DC4 /* Util.swift in Sources */,
				1C874FEC1A63A7EB00AA0B3E /* GenreTableViewController.swift in Sources */,
				1C874FF01A641D6300AA0B3E /* SearchResultViewController.swift in Sources */,
				1C009BC81A5ACCED00ADC420 /* AppDelegate.swift in Sources */,
				1C009BF21A5D8C5100ADC420 /* ProgramInfoViewController.swift in Sources */,
			);
			runOnlyForDeploymentPostprocessing = 0;
		};
		1C009BD31A5ACCED00ADC420 /* Sources */ = {
			isa = PBXSourcesBuildPhase;
			buildActionMask = 2147483647;
			files = (
				1C009BDE1A5ACCED00ADC420 /* nhkfindTests.swift in Sources */,
			);
			runOnlyForDeploymentPostprocessing = 0;
		};
/* End PBXSourcesBuildPhase section */

/* Begin PBXTargetDependency section */
		1C009BD91A5ACCED00ADC420 /* PBXTargetDependency */ = {
			isa = PBXTargetDependency;
			target = 1C009BC11A5ACCED00ADC420 /* nhkfind */;
			targetProxy = 1C009BD81A5ACCED00ADC420 /* PBXContainerItemProxy */;
		};
		1C6A07661A9F633F0013FBC2 /* PBXTargetDependency */ = {
			isa = PBXTargetDependency;
			name = Alamofire;
			targetProxy = 1C6A07651A9F633F0013FBC2 /* PBXContainerItemProxy */;
		};
		1C6A076E1A9F63990013FBC2 /* PBXTargetDependency */ = {
			isa = PBXTargetDependency;
			name = Alamofire;
			targetProxy = 1C6A076D1A9F63990013FBC2 /* PBXContainerItemProxy */;
		};
/* End PBXTargetDependency section */

/* Begin PBXVariantGroup section */
		1C009BCB1A5ACCED00ADC420 /* Main.storyboard */ = {
			isa = PBXVariantGroup;
			children = (
				1C009BCC1A5ACCED00ADC420 /* Base */,
				1C874FE11A635A6500AA0B3E /* ja */,
			);
			name = Main.storyboard;
			sourceTree = "<group>";
		};
		1C009BD01A5ACCED00ADC420 /* LaunchScreen.xib */ = {
			isa = PBXVariantGroup;
			children = (
				1C009BD11A5ACCED00ADC420 /* Base */,
				1C874FE21A635A6500AA0B3E /* ja */,
			);
			name = LaunchScreen.xib;
			sourceTree = "<group>";
		};
		1C874FE81A635D8700AA0B3E /* InfoPlist.strings */ = {
			isa = PBXVariantGroup;
			children = (
				1C874FE71A635D8700AA0B3E /* Base */,
			);
			name = InfoPlist.strings;
			sourceTree = "<group>";
		};
/* End PBXVariantGroup section */

/* Begin XCBuildConfiguration section */
		1C009BDF1A5ACCED00ADC420 /* Debug */ = {
			isa = XCBuildConfiguration;
			buildSettings = {
				ALWAYS_SEARCH_USER_PATHS = NO;
				CLANG_CXX_LANGUAGE_STANDARD = "gnu++0x";
				CLANG_CXX_LIBRARY = "libc++";
				CLANG_ENABLE_MODULES = YES;
				CLANG_ENABLE_OBJC_ARC = YES;
				CLANG_WARN_BOOL_CONVERSION = YES;
				CLANG_WARN_CONSTANT_CONVERSION = YES;
				CLANG_WARN_DIRECT_OBJC_ISA_USAGE = YES_ERROR;
				CLANG_WARN_EMPTY_BODY = YES;
				CLANG_WARN_ENUM_CONVERSION = YES;
				CLANG_WARN_INT_CONVERSION = YES;
				CLANG_WARN_OBJC_ROOT_CLASS = YES_ERROR;
				CLANG_WARN_UNREACHABLE_CODE = YES;
				CLANG_WARN__DUPLICATE_METHOD_MATCH = YES;
				"CODE_SIGN_IDENTITY[sdk=iphoneos*]" = "iPhone Developer";
				COPY_PHASE_STRIP = NO;
				ENABLE_STRICT_OBJC_MSGSEND = YES;
				GCC_C_LANGUAGE_STANDARD = gnu99;
				GCC_DYNAMIC_NO_PIC = NO;
				GCC_OPTIMIZATION_LEVEL = 0;
				GCC_PREPROCESSOR_DEFINITIONS = (
					"DEBUG=1",
					"$(inherited)",
				);
				GCC_SYMBOLS_PRIVATE_EXTERN = NO;
				GCC_WARN_64_TO_32_BIT_CONVERSION = YES;
				GCC_WARN_ABOUT_RETURN_TYPE = YES_ERROR;
				GCC_WARN_UNDECLARED_SELECTOR = YES;
				GCC_WARN_UNINITIALIZED_AUTOS = YES_AGGRESSIVE;
				GCC_WARN_UNUSED_FUNCTION = YES;
				GCC_WARN_UNUSED_VARIABLE = YES;
				IPHONEOS_DEPLOYMENT_TARGET = 8.1;
				MTL_ENABLE_DEBUG_INFO = YES;
				ONLY_ACTIVE_ARCH = YES;
				SDKROOT = iphoneos;
				SWIFT_OPTIMIZATION_LEVEL = "-Onone";
				TARGETED_DEVICE_FAMILY = "1,2";
			};
			name = Debug;
		};
		1C009BE01A5ACCED00ADC420 /* Release */ = {
			isa = XCBuildConfiguration;
			buildSettings = {
				ALWAYS_SEARCH_USER_PATHS = NO;
				CLANG_CXX_LANGUAGE_STANDARD = "gnu++0x";
				CLANG_CXX_LIBRARY = "libc++";
				CLANG_ENABLE_MODULES = YES;
				CLANG_ENABLE_OBJC_ARC = YES;
				CLANG_WARN_BOOL_CONVERSION = YES;
				CLANG_WARN_CONSTANT_CONVERSION = YES;
				CLANG_WARN_DIRECT_OBJC_ISA_USAGE = YES_ERROR;
				CLANG_WARN_EMPTY_BODY = YES;
				CLANG_WARN_ENUM_CONVERSION = YES;
				CLANG_WARN_INT_CONVERSION = YES;
				CLANG_WARN_OBJC_ROOT_CLASS = YES_ERROR;
				CLANG_WARN_UNREACHABLE_CODE = YES;
				CLANG_WARN__DUPLICATE_METHOD_MATCH = YES;
				"CODE_SIGN_IDENTITY[sdk=iphoneos*]" = "iPhone Developer";
				COPY_PHASE_STRIP = YES;
				ENABLE_NS_ASSERTIONS = NO;
				ENABLE_STRICT_OBJC_MSGSEND = YES;
				GCC_C_LANGUAGE_STANDARD = gnu99;
				GCC_WARN_64_TO_32_BIT_CONVERSION = YES;
				GCC_WARN_ABOUT_RETURN_TYPE = YES_ERROR;
				GCC_WARN_UNDECLARED_SELECTOR = YES;
				GCC_WARN_UNINITIALIZED_AUTOS = YES_AGGRESSIVE;
				GCC_WARN_UNUSED_FUNCTION = YES;
				GCC_WARN_UNUSED_VARIABLE = YES;
				IPHONEOS_DEPLOYMENT_TARGET = 8.1;
				MTL_ENABLE_DEBUG_INFO = NO;
				SDKROOT = iphoneos;
				TARGETED_DEVICE_FAMILY = "1,2";
				VALIDATE_PRODUCT = YES;
			};
			name = Release;
		};
		1C009BE21A5ACCED00ADC420 /* Debug */ = {
			isa = XCBuildConfiguration;
			baseConfigurationReference = 45366D82AEC08C75101D7370 /* Pods-nhkfind.debug.xcconfig */;
			buildSettings = {
				ASSETCATALOG_COMPILER_APPICON_NAME = AppIcon;
				CODE_SIGN_IDENTITY = "iPhone Developer: atsushi kambayashi (FTZK9ADKN9)";
				EMBEDDED_CONTENT_CONTAINS_SWIFT = YES;
				INFOPLIST_FILE = nhkfind/Info.plist;
				LD_RUNPATH_SEARCH_PATHS = "$(inherited) @executable_path/Frameworks";
				LIBRARY_SEARCH_PATHS = (
					"$(inherited)",
					"$(PROJECT_DIR)/Pods/build/Debug-iphoneos",
				);
				PRODUCT_NAME = "$(TARGET_NAME)";
				SWIFT_OBJC_BRIDGING_HEADER = "nhkfind/Bridge-Header.h";
				TARGETED_DEVICE_FAMILY = "1,2";
			};
			name = Debug;
		};
		1C009BE31A5ACCED00ADC420 /* Release */ = {
			isa = XCBuildConfiguration;
			baseConfigurationReference = 1CA1EAE92A68525468D07736 /* Pods-nhkfind.release.xcconfig */;
			buildSettings = {
				ASSETCATALOG_COMPILER_APPICON_NAME = AppIcon;
				CODE_SIGN_IDENTITY = "iPhone Developer: atsushi kambayashi (FTZK9ADKN9)";
				EMBEDDED_CONTENT_CONTAINS_SWIFT = YES;
				INFOPLIST_FILE = nhkfind/Info.plist;
				LD_RUNPATH_SEARCH_PATHS = "$(inherited) @executable_path/Frameworks";
				LIBRARY_SEARCH_PATHS = (
					"$(inherited)",
					"$(PROJECT_DIR)/Pods/build/Debug-iphoneos",
				);
				PRODUCT_NAME = "$(TARGET_NAME)";
				SWIFT_OBJC_BRIDGING_HEADER = "nhkfind/Bridge-Header.h";
				TARGETED_DEVICE_FAMILY = "1,2";
			};
			name = Release;
		};
		1C009BE51A5ACCED00ADC420 /* Debug */ = {
			isa = XCBuildConfiguration;
			buildSettings = {
				BUNDLE_LOADER = "$(TEST_HOST)";
				FRAMEWORK_SEARCH_PATHS = (
					"$(SDKROOT)/Developer/Library/Frameworks",
					"$(inherited)",
				);
				GCC_PREPROCESSOR_DEFINITIONS = (
					"DEBUG=1",
					"$(inherited)",
				);
				INFOPLIST_FILE = nhkfindTests/Info.plist;
				LD_RUNPATH_SEARCH_PATHS = "$(inherited) @executable_path/Frameworks @loader_path/Frameworks";
				PRODUCT_NAME = "$(TARGET_NAME)";
				TEST_HOST = "$(BUILT_PRODUCTS_DIR)/nhkfind.app/nhkfind";
			};
			name = Debug;
		};
		1C009BE61A5ACCED00ADC420 /* Release */ = {
			isa = XCBuildConfiguration;
			buildSettings = {
				BUNDLE_LOADER = "$(TEST_HOST)";
				FRAMEWORK_SEARCH_PATHS = (
					"$(SDKROOT)/Developer/Library/Frameworks",
					"$(inherited)",
				);
				INFOPLIST_FILE = nhkfindTests/Info.plist;
				LD_RUNPATH_SEARCH_PATHS = "$(inherited) @executable_path/Frameworks @loader_path/Frameworks";
				PRODUCT_NAME = "$(TARGET_NAME)";
				TEST_HOST = "$(BUILT_PRODUCTS_DIR)/nhkfind.app/nhkfind";
			};
			name = Release;
		};
/* End XCBuildConfiguration section */

/* Begin XCConfigurationList section */
		1C009BBD1A5ACCED00ADC420 /* Build configuration list for PBXProject "nhkfind" */ = {
			isa = XCConfigurationList;
			buildConfigurations = (
				1C009BDF1A5ACCED00ADC420 /* Debug */,
				1C009BE01A5ACCED00ADC420 /* Release */,
			);
			defaultConfigurationIsVisible = 0;
			defaultConfigurationName = Release;
		};
		1C009BE11A5ACCED00ADC420 /* Build configuration list for PBXNativeTarget "nhkfind" */ = {
			isa = XCConfigurationList;
			buildConfigurations = (
				1C009BE21A5ACCED00ADC420 /* Debug */,
				1C009BE31A5ACCED00ADC420 /* Release */,
			);
			defaultConfigurationIsVisible = 0;
			defaultConfigurationName = Release;
		};
		1C009BE41A5ACCED00ADC420 /* Build configuration list for PBXNativeTarget "nhkfindTests" */ = {
			isa = XCConfigurationList;
			buildConfigurations = (
				1C009BE51A5ACCED00ADC420 /* Debug */,
				1C009BE61A5ACCED00ADC420 /* Release */,
			);
			defaultConfigurationIsVisible = 0;
			defaultConfigurationName = Release;
		};
/* End XCConfigurationList section */
	};
	rootObject = 1C009BBA1A5ACCED00ADC420 /* Project object */;
}
